
Microsoft Visual Studio Solution File, Format Version 11.00
# Visual Studio 2010
Project("{8BC9CEB8-8B4A-11D0-8D11-00A0C91BC942}") = "Tree", "Tree\Tree.vcxproj", "{CB9326B7-B888-475D-BE73-E42472F6E075}"
EndProject
Global
	GlobalSection(SolutionConfigurationPlatforms) = preSolution
		Debug|Win32 = Debug|Win32
		Release|Win32 = Release|Win32
	EndGlobalSection
	GlobalSection(ProjectConfigurationPlatforms) = postSolution
		{CB9326B7-B888-475D-BE73-E42472F6E075}.Debug|Win32.ActiveCfg = Debug|Win32
		{CB9326B7-B888-475D-BE73-E42472F6E075}.Debug|Win32.Build.0 = Debug|Win32
		{CB9326B7-B888-475D-BE73-E42472F6E075}.Release|Win32.ActiveCfg = Release|Win32
		{CB9326B7-B888-475D-BE73-E42472F6E075}.Release|Win32.Build.0 = Release|Win32
	EndGlobalSection
	GlobalSection(SolutionProperties) = preSolution
		HideSolutionNode = FALSE
	EndGlobalSection
EndGlobal
