
Microsoft Visual Studio Solution File, Format Version 11.00
# Visual Studio 2010
Project("{8BC9CEB8-8B4A-11D0-8D11-00A0C91BC942}") = "Interpolation search", "Interpolation search\Interpolation search.vcxproj", "{E4E0AA88-511E-4CBA-9CE0-152243D0875E}"
EndProject
Global
	GlobalSection(SolutionConfigurationPlatforms) = preSolution
		Debug|Win32 = Debug|Win32
		Release|Win32 = Release|Win32
	EndGlobalSection
	GlobalSection(ProjectConfigurationPlatforms) = postSolution
		{E4E0AA88-511E-4CBA-9CE0-152243D0875E}.Debug|Win32.ActiveCfg = Debug|Win32
		{E4E0AA88-511E-4CBA-9CE0-152243D0875E}.Debug|Win32.Build.0 = Debug|Win32
		{E4E0AA88-511E-4CBA-9CE0-152243D0875E}.Release|Win32.ActiveCfg = Release|Win32
		{E4E0AA88-511E-4CBA-9CE0-152243D0875E}.Release|Win32.Build.0 = Release|Win32
	EndGlobalSection
	GlobalSection(SolutionProperties) = preSolution
		HideSolutionNode = FALSE
	EndGlobalSection
EndGlobal
