
Microsoft Visual Studio Solution File, Format Version 11.00
# Visual Studio 2010
Project("{8BC9CEB8-8B4A-11D0-8D11-00A0C91BC942}") = "Алгоритм Флойда", "Алгоритм Флойда\Алгоритм Флойда.vcxproj", "{FE0C67C0-4C43-41D3-AF60-3AF8FC327F76}"
EndProject
Global
	GlobalSection(SolutionConfigurationPlatforms) = preSolution
		Debug|Win32 = Debug|Win32
		Release|Win32 = Release|Win32
	EndGlobalSection
	GlobalSection(ProjectConfigurationPlatforms) = postSolution
		{FE0C67C0-4C43-41D3-AF60-3AF8FC327F76}.Debug|Win32.ActiveCfg = Debug|Win32
		{FE0C67C0-4C43-41D3-AF60-3AF8FC327F76}.Debug|Win32.Build.0 = Debug|Win32
		{FE0C67C0-4C43-41D3-AF60-3AF8FC327F76}.Release|Win32.ActiveCfg = Release|Win32
		{FE0C67C0-4C43-41D3-AF60-3AF8FC327F76}.Release|Win32.Build.0 = Release|Win32
	EndGlobalSection
	GlobalSection(SolutionProperties) = preSolution
		HideSolutionNode = FALSE
	EndGlobalSection
EndGlobal
